
Microsoft Visual Studio Solution File, Format Version 9.00
# Visual Studio 2005
Project("{8BC9CEB8-8B4A-11D0-8D11-00A0C91BC942}") = "Server", "Server\Server.vcproj", "{F2CAFCB0-2D38-4009-8F53-56FCEDCE24C1}"
	ProjectSection(ProjectDependencies) = postProject
		{236069BB-EC76-40F1-93AA-416C1FB98993} = {236069BB-EC76-40F1-93AA-416C1FB98993}
		{B55BD2B0-5F71-498F-9C4C-724374992E3B} = {B55BD2B0-5F71-498F-9C4C-724374992E3B}
	EndProjectSection
EndProject
Project("{8BC9CEB8-8B4A-11D0-8D11-00A0C91BC942}") = "Common", "..\Common\Common.vcproj", "{236069BB-EC76-40F1-93AA-416C1FB98993}"
EndProject
Project("{8BC9CEB8-8B4A-11D0-8D11-00A0C91BC942}") = "LibStatic", "..\LibStatic\LibStatic.vcproj", "{B55BD2B0-5F71-498F-9C4C-724374992E3B}"
EndProject
Project("{8BC9CEB8-8B4A-11D0-8D11-00A0C91BC942}") = "Test", "Test\Test.vcproj", "{C69AAA6F-FBEB-42D9-A97B-B7748219925A}"
	ProjectSection(ProjectDependencies) = postProject
		{B55BD2B0-5F71-498F-9C4C-724374992E3B} = {B55BD2B0-5F71-498F-9C4C-724374992E3B}
		{236069BB-EC76-40F1-93AA-416C1FB98993} = {236069BB-EC76-40F1-93AA-416C1FB98993}
	EndProjectSection
EndProject
Global
	GlobalSection(SolutionConfigurationPlatforms) = preSolution
		Debug|Win32 = Debug|Win32
		Release|Win32 = Release|Win32
	EndGlobalSection
	GlobalSection(ProjectConfigurationPlatforms) = postSolution
		{F2CAFCB0-2D38-4009-8F53-56FCEDCE24C1}.Debug|Win32.ActiveCfg = Debug|Win32
		{F2CAFCB0-2D38-4009-8F53-56FCEDCE24C1}.Debug|Win32.Build.0 = Debug|Win32
		{F2CAFCB0-2D38-4009-8F53-56FCEDCE24C1}.Release|Win32.ActiveCfg = Release|Win32
		{F2CAFCB0-2D38-4009-8F53-56FCEDCE24C1}.Release|Win32.Build.0 = Release|Win32
		{236069BB-EC76-40F1-93AA-416C1FB98993}.Debug|Win32.ActiveCfg = Debug|Win32
		{236069BB-EC76-40F1-93AA-416C1FB98993}.Debug|Win32.Build.0 = Debug|Win32
		{236069BB-EC76-40F1-93AA-416C1FB98993}.Release|Win32.ActiveCfg = Release|Win32
		{236069BB-EC76-40F1-93AA-416C1FB98993}.Release|Win32.Build.0 = Release|Win32
		{B55BD2B0-5F71-498F-9C4C-724374992E3B}.Debug|Win32.ActiveCfg = Debug|Win32
		{B55BD2B0-5F71-498F-9C4C-724374992E3B}.Debug|Win32.Build.0 = Debug|Win32
		{B55BD2B0-5F71-498F-9C4C-724374992E3B}.Release|Win32.ActiveCfg = Release|Win32
		{B55BD2B0-5F71-498F-9C4C-724374992E3B}.Release|Win32.Build.0 = Release|Win32
		{C69AAA6F-FBEB-42D9-A97B-B7748219925A}.Debug|Win32.ActiveCfg = Debug|Win32
		{C69AAA6F-FBEB-42D9-A97B-B7748219925A}.Debug|Win32.Build.0 = Debug|Win32
		{C69AAA6F-FBEB-42D9-A97B-B7748219925A}.Release|Win32.ActiveCfg = Release|Win32
		{C69AAA6F-FBEB-42D9-A97B-B7748219925A}.Release|Win32.Build.0 = Release|Win32
	EndGlobalSection
	GlobalSection(SolutionProperties) = preSolution
		HideSolutionNode = FALSE
	EndGlobalSection
EndGlobal
